
Microsoft Visual Studio Solution File, Format Version 12.00
# Visual Studio Version 17
VisualStudioVersion = 17.11.35327.3
MinimumVisualStudioVersion = 10.0.40219.1
Project("{9A19103F-16F7-4668-BE54-9A1E7A4F7556}") = "ProgressBar.Sample", "sample\ProgressBar.Sample.csproj", "{79296CB0-26D1-47A8-9929-4086DAB14436}"
EndProject
Project("{9A19103F-16F7-4668-BE54-9A1E7A4F7556}") = "ProgressBar", "src\ProgressBar.csproj", "{2D56E4F1-AF3F-4BBA-B86C-6431496AFC7F}"
EndProject
Project("{2150E333-8FDC-42A3-9474-1A3956D46DE8}") = "Src", "Src", "{D56C9DE5-07E0-4F65-A25E-7A9C175BD57F}"
EndProject
Project("{2150E333-8FDC-42A3-9474-1A3956D46DE8}") = "Sample", "Sample", "{73CA8394-A02F-4449-8EC2-8766F5F8E1E5}"
EndProject
Project("{2150E333-8FDC-42A3-9474-1A3956D46DE8}") = "Éléments de solution", "Éléments de solution", "{38A42E54-F4C1-46AD-B760-875E5B29B2B2}"
	ProjectSection(SolutionItems) = preProject
		LICENSE.txt = LICENSE.txt
		README.md = README.md
		README.nuget.md = README.nuget.md
	EndProjectSection
EndProject
Global
	GlobalSection(SolutionConfigurationPlatforms) = preSolution
		Debug|Any CPU = Debug|Any CPU
		Release|Any CPU = Release|Any CPU
	EndGlobalSection
	GlobalSection(ProjectConfigurationPlatforms) = postSolution
		{79296CB0-26D1-47A8-9929-4086DAB14436}.Debug|Any CPU.ActiveCfg = Debug|Any CPU
		{79296CB0-26D1-47A8-9929-4086DAB14436}.Debug|Any CPU.Build.0 = Debug|Any CPU
		{79296CB0-26D1-47A8-9929-4086DAB14436}.Release|Any CPU.ActiveCfg = Release|Any CPU
		{79296CB0-26D1-47A8-9929-4086DAB14436}.Release|Any CPU.Build.0 = Release|Any CPU
		{2D56E4F1-AF3F-4BBA-B86C-6431496AFC7F}.Debug|Any CPU.ActiveCfg = Debug|Any CPU
		{2D56E4F1-AF3F-4BBA-B86C-6431496AFC7F}.Debug|Any CPU.Build.0 = Debug|Any CPU
		{2D56E4F1-AF3F-4BBA-B86C-6431496AFC7F}.Release|Any CPU.ActiveCfg = Release|Any CPU
		{2D56E4F1-AF3F-4BBA-B86C-6431496AFC7F}.Release|Any CPU.Build.0 = Release|Any CPU
	EndGlobalSection
	GlobalSection(SolutionProperties) = preSolution
		HideSolutionNode = FALSE
	EndGlobalSection
	GlobalSection(NestedProjects) = preSolution
		{79296CB0-26D1-47A8-9929-4086DAB14436} = {73CA8394-A02F-4449-8EC2-8766F5F8E1E5}
		{2D56E4F1-AF3F-4BBA-B86C-6431496AFC7F} = {D56C9DE5-07E0-4F65-A25E-7A9C175BD57F}
	EndGlobalSection
	GlobalSection(ExtensibilityGlobals) = postSolution
		SolutionGuid = {255CED84-7E9F-4463-8BB9-7112ADB6A15C}
	EndGlobalSection
EndGlobal
